
Microsoft Visual Studio Solution File, Format Version 12.00
# Visual Studio Version 17
VisualStudioVersion = 17.13.35931.197 d17.13
MinimumVisualStudioVersion = 10.0.40219.1
Project("{FAE04EC0-301F-11D3-BF4B-00C04F79EFBC}") = "MauiApp1", "MauiApp1\MauiApp1.csproj", "{40E84D5E-3B82-4F80-AEA6-615DB96AE49B}"
EndProject
Global
	GlobalSection(SolutionConfigurationPlatforms) = preSolution
		Debug|Any CPU = Debug|Any CPU
		Release|Any CPU = Release|Any CPU
	EndGlobalSection
	GlobalSection(ProjectConfigurationPlatforms) = postSolution
		{40E84D5E-3B82-4F80-AEA6-615DB96AE49B}.Debug|Any CPU.ActiveCfg = Debug|Any CPU
		{40E84D5E-3B82-4F80-AEA6-615DB96AE49B}.Debug|Any CPU.Build.0 = Debug|Any CPU
		{40E84D5E-3B82-4F80-AEA6-615DB96AE49B}.Debug|Any CPU.Deploy.0 = Debug|Any CPU
		{40E84D5E-3B82-4F80-AEA6-615DB96AE49B}.Release|Any CPU.ActiveCfg = Release|Any CPU
		{40E84D5E-3B82-4F80-AEA6-615DB96AE49B}.Release|Any CPU.Build.0 = Release|Any CPU
	EndGlobalSection
	GlobalSection(SolutionProperties) = preSolution
		HideSolutionNode = FALSE
	EndGlobalSection
	GlobalSection(ExtensibilityGlobals) = postSolution
		SolutionGuid = {B5E233D0-3EDD-48D0-8511-070772C5E0DD}
	EndGlobalSection
EndGlobal
